
Microsoft Visual Studio Solution File, Format Version 12.00
Project("{FAE04EC0-301F-11D3-BF4B-00C04F79EFBC}") = "Blazor1", "Blazor1\Blazor1.csproj", "{9474F7FD-68E9-40F3-8EAC-AFD913D26FDA}"
EndProject
Global
	GlobalSection(SolutionConfigurationPlatforms) = preSolution
		Debug|Any CPU = Debug|Any CPU
		Release|Any CPU = Release|Any CPU
	EndGlobalSection
	GlobalSection(ProjectConfigurationPlatforms) = postSolution
		{9474F7FD-68E9-40F3-8EAC-AFD913D26FDA}.Debug|Any CPU.ActiveCfg = Debug|Any CPU
		{9474F7FD-68E9-40F3-8EAC-AFD913D26FDA}.Debug|Any CPU.Build.0 = Debug|Any CPU
		{9474F7FD-68E9-40F3-8EAC-AFD913D26FDA}.Release|Any CPU.ActiveCfg = Release|Any CPU
		{9474F7FD-68E9-40F3-8EAC-AFD913D26FDA}.Release|Any CPU.Build.0 = Release|Any CPU
	EndGlobalSection
EndGlobal
